// !$*UTF8*$!
{
	archiveVersion = 1;
	classes = {
	};
	objectVersion = 56;
	objects = {

/* Begin PBXBuildFile section */
		0217ECE42C45893400912DED /* Fetch_Coding_ChallengeApp.swift in Sources */ = {isa = PBXBuildFile; fileRef = 0217ECE32C45893400912DED /* Fetch_Coding_ChallengeApp.swift */; };
		0217ECE62C45893400912DED /* ContentView.swift in Sources */ = {isa = PBXBuildFile; fileRef = 0217ECE52C45893400912DED /* ContentView.swift */; };
		0217ECE82C45893600912DED /* Assets.xcassets in Resources */ = {isa = PBXBuildFile; fileRef = 0217ECE72C45893600912DED /* Assets.xcassets */; };
		0217ECEC2C45893600912DED /* Preview Assets.xcassets in Resources */ = {isa = PBXBuildFile; fileRef = 0217ECEB2C45893600912DED /* Preview Assets.xcassets */; };
		0217ECF62C45893600912DED /* Fetch_Coding_ChallengeTests.swift in Sources */ = {isa = PBXBuildFile; fileRef = 0217ECF52C45893600912DED /* Fetch_Coding_ChallengeTests.swift */; };
		0217ED002C45893600912DED /* Fetch_Coding_ChallengeUITests.swift in Sources */ = {isa = PBXBuildFile; fileRef = 0217ECFF2C45893600912DED /* Fetch_Coding_ChallengeUITests.swift */; };
		0217ED022C45893600912DED /* Fetch_Coding_ChallengeUITestsLaunchTests.swift in Sources */ = {isa = PBXBuildFile; fileRef = 0217ED012C45893600912DED /* Fetch_Coding_ChallengeUITestsLaunchTests.swift */; };
		0217ED0F2C458CC800912DED /* MealStructs.swift in Sources */ = {isa = PBXBuildFile; fileRef = 0217ED0E2C458CC800912DED /* MealStructs.swift */; };
		0217ED152C45999D00912DED /* RecipeView.swift in Sources */ = {isa = PBXBuildFile; fileRef = 0217ED142C45999D00912DED /* RecipeView.swift */; };
		0217ED172C45A59B00912DED /* README.md in Resources */ = {isa = PBXBuildFile; fileRef = 0217ED162C45A59B00912DED /* README.md */; };
/* End PBXBuildFile section */

/* Begin PBXContainerItemProxy section */
		0217ECF22C45893600912DED /* PBXContainerItemProxy */ = {
			isa = PBXContainerItemProxy;
			containerPortal = 0217ECD82C45893400912DED /* Project object */;
			proxyType = 1;
			remoteGlobalIDString = 0217ECDF2C45893400912DED;
			remoteInfo = "Fetch Coding Challenge";
		};
		0217ECFC2C45893600912DED /* PBXContainerItemProxy */ = {
			isa = PBXContainerItemProxy;
			containerPortal = 0217ECD82C45893400912DED /* Project object */;
			proxyType = 1;
			remoteGlobalIDString = 0217ECDF2C45893400912DED;
			remoteInfo = "Fetch Coding Challenge";
		};
/* End PBXContainerItemProxy section */

/* Begin PBXFileReference section */
		0217ECE02C45893400912DED /* Fetch Coding Challenge.app */ = {isa = PBXFileReference; explicitFileType = wrapper.application; includeInIndex = 0; path = "Fetch Coding Challenge.app"; sourceTree = BUILT_PRODUCTS_DIR; };
		0217ECE32C45893400912DED /* Fetch_Coding_ChallengeApp.swift */ = {isa = PBXFileReference; lastKnownFileType = sourcecode.swift; path = Fetch_Coding_ChallengeApp.swift; sourceTree = "<group>"; };
		0217ECE52C45893400912DED /* ContentView.swift */ = {isa = PBXFileReference; lastKnownFileType = sourcecode.swift; path = ContentView.swift; sourceTree = "<group>"; };
		0217ECE72C45893600912DED /* Assets.xcassets */ = {isa = PBXFileReference; lastKnownFileType = folder.assetcatalog; path = Assets.xcassets; sourceTree = "<group>"; };
		0217ECE92C45893600912DED /* Fetch_Coding_Challenge.entitlements */ = {isa = PBXFileReference; lastKnownFileType = text.plist.entitlements; path = Fetch_Coding_Challenge.entitlements; sourceTree = "<group>"; };
		0217ECEB2C45893600912DED /* Preview Assets.xcassets */ = {isa = PBXFileReference; lastKnownFileType = folder.assetcatalog; path = "Preview Assets.xcassets"; sourceTree = "<group>"; };
		0217ECF12C45893600912DED /* Fetch Coding ChallengeTests.xctest */ = {isa = PBXFileReference; explicitFileType = wrapper.cfbundle; includeInIndex = 0; path = "Fetch Coding ChallengeTests.xctest"; sourceTree = BUILT_PRODUCTS_DIR; };
		0217ECF52C45893600912DED /* Fetch_Coding_ChallengeTests.swift */ = {isa = PBXFileReference; lastKnownFileType = sourcecode.swift; path = Fetch_Coding_ChallengeTests.swift; sourceTree = "<group>"; };
		0217ECFB2C45893600912DED /* Fetch Coding ChallengeUITests.xctest */ = {isa = PBXFileReference; explicitFileType = wrapper.cfbundle; includeInIndex = 0; path = "Fetch Coding ChallengeUITests.xctest"; sourceTree = BUILT_PRODUCTS_DIR; };
		0217ECFF2C45893600912DED /* Fetch_Coding_ChallengeUITests.swift */ = {isa = PBXFileReference; lastKnownFileType = sourcecode.swift; path = Fetch_Coding_ChallengeUITests.swift; sourceTree = "<group>"; };
		0217ED012C45893600912DED /* Fetch_Coding_ChallengeUITestsLaunchTests.swift */ = {isa = PBXFileReference; lastKnownFileType = sourcecode.swift; path = Fetch_Coding_ChallengeUITestsLaunchTests.swift; sourceTree = "<group>"; };
		0217ED0E2C458CC800912DED /* MealStructs.swift */ = {isa = PBXFileReference; lastKnownFileType = sourcecode.swift; path = MealStructs.swift; sourceTree = "<group>"; };
		0217ED142C45999D00912DED /* RecipeView.swift */ = {isa = PBXFileReference; lastKnownFileType = sourcecode.swift; path = RecipeView.swift; sourceTree = "<group>"; };
		0217ED162C45A59B00912DED /* README.md */ = {isa = PBXFileReference; lastKnownFileType = net.daringfireball.markdown; path = README.md; sourceTree = "<group>"; };
/* End PBXFileReference section */

/* Begin PBXFrameworksBuildPhase section */
		0217ECDD2C45893400912DED /* Frameworks */ = {
			isa = PBXFrameworksBuildPhase;
			buildActionMask = 2147483647;
			files = (
			);
			runOnlyForDeploymentPostprocessing = 0;
		};
		0217ECEE2C45893600912DED /* Frameworks */ = {
			isa = PBXFrameworksBuildPhase;
			buildActionMask = 2147483647;
			files = (
			);
			runOnlyForDeploymentPostprocessing = 0;
		};
		0217ECF82C45893600912DED /* Frameworks */ = {
			isa = PBXFrameworksBuildPhase;
			buildActionMask = 2147483647;
			files = (
			);
			runOnlyForDeploymentPostprocessing = 0;
		};
/* End PBXFrameworksBuildPhase section */

/* Begin PBXGroup section */
		0217ECD72C45893400912DED = {
			isa = PBXGroup;
			children = (
				0217ED162C45A59B00912DED /* README.md */,
				0217ECE22C45893400912DED /* Fetch Coding Challenge */,
				0217ECF42C45893600912DED /* Fetch Coding ChallengeTests */,
				0217ECFE2C45893600912DED /* Fetch Coding ChallengeUITests */,
				0217ECE12C45893400912DED /* Products */,
			);
			sourceTree = "<group>";
		};
		0217ECE12C45893400912DED /* Products */ = {
			isa = PBXGroup;
			children = (
				0217ECE02C45893400912DED /* Fetch Coding Challenge.app */,
				0217ECF12C45893600912DED /* Fetch Coding ChallengeTests.xctest */,
				0217ECFB2C45893600912DED /* Fetch Coding ChallengeUITests.xctest */,
			);
			name = Products;
			sourceTree = "<group>";
		};
		0217ECE22C45893400912DED /* Fetch Coding Challenge */ = {
			isa = PBXGroup;
			children = (
				0217ECE32C45893400912DED /* Fetch_Coding_ChallengeApp.swift */,
				0217ECE52C45893400912DED /* ContentView.swift */,
				0217ED0E2C458CC800912DED /* MealStructs.swift */,
				0217ED142C45999D00912DED /* RecipeView.swift */,
				0217ECE72C45893600912DED /* Assets.xcassets */,
				0217ECE92C45893600912DED /* Fetch_Coding_Challenge.entitlements */,
				0217ECEA2C45893600912DED /* Preview Content */,
			);
			path = "Fetch Coding Challenge";
			sourceTree = "<group>";
		};
		0217ECEA2C45893600912DED /* Preview Content */ = {
			isa = PBXGroup;
			children = (
				0217ECEB2C45893600912DED /* Preview Assets.xcassets */,
			);
			path = "Preview Content";
			sourceTree = "<group>";
		};
		0217ECF42C45893600912DED /* Fetch Coding ChallengeTests */ = {
			isa = PBXGroup;
			children = (
				0217ECF52C45893600912DED /* Fetch_Coding_ChallengeTests.swift */,
			);
			path = "Fetch Coding ChallengeTests";
			sourceTree = "<group>";
		};
		0217ECFE2C45893600912DED /* Fetch Coding ChallengeUITests */ = {
			isa = PBXGroup;
			children = (
				0217ECFF2C45893600912DED /* Fetch_Coding_ChallengeUITests.swift */,
				0217ED012C45893600912DED /* Fetch_Coding_ChallengeUITestsLaunchTests.swift */,
			);
			path = "Fetch Coding ChallengeUITests";
			sourceTree = "<group>";
		};
/* End PBXGroup section */

/* Begin PBXNativeTarget section */
		0217ECDF2C45893400912DED /* Fetch Coding Challenge */ = {
			isa = PBXNativeTarget;
			buildConfigurationList = 0217ED052C45893600912DED /* Build configuration list for PBXNativeTarget "Fetch Coding Challenge" */;
			buildPhases = (
				0217ECDC2C45893400912DED /* Sources */,
				0217ECDD2C45893400912DED /* Frameworks */,
				0217ECDE2C45893400912DED /* Resources */,
			);
			buildRules = (
			);
			dependencies = (
			);
			name = "Fetch Coding Challenge";
			productName = "Fetch Coding Challenge";
			productReference = 0217ECE02C45893400912DED /* Fetch Coding Challenge.app */;
			productType = "com.apple.product-type.application";
		};
		0217ECF02C45893600912DED /* Fetch Coding ChallengeTests */ = {
			isa = PBXNativeTarget;
			buildConfigurationList = 0217ED082C45893600912DED /* Build configuration list for PBXNativeTarget "Fetch Coding ChallengeTests" */;
			buildPhases = (
				0217ECED2C45893600912DED /* Sources */,
				0217ECEE2C45893600912DED /* Frameworks */,
				0217ECEF2C45893600912DED /* Resources */,
			);
			buildRules = (
			);
			dependencies = (
				0217ECF32C45893600912DED /* PBXTargetDependency */,
			);
			name = "Fetch Coding ChallengeTests";
			productName = "Fetch Coding ChallengeTests";
			productReference = 0217ECF12C45893600912DED /* Fetch Coding ChallengeTests.xctest */;
			productType = "com.apple.product-type.bundle.unit-test";
		};
		0217ECFA2C45893600912DED /* Fetch Coding ChallengeUITests */ = {
			isa = PBXNativeTarget;
			buildConfigurationList = 0217ED0B2C45893600912DED /* Build configuration list for PBXNativeTarget "Fetch Coding ChallengeUITests" */;
			buildPhases = (
				0217ECF72C45893600912DED /* Sources */,
				0217ECF82C45893600912DED /* Frameworks */,
				0217ECF92C45893600912DED /* Resources */,
			);
			buildRules = (
			);
			dependencies = (
				0217ECFD2C45893600912DED /* PBXTargetDependency */,
			);
			name = "Fetch Coding ChallengeUITests";
			productName = "Fetch Coding ChallengeUITests";
			productReference = 0217ECFB2C45893600912DED /* Fetch Coding ChallengeUITests.xctest */;
			productType = "com.apple.product-type.bundle.ui-testing";
		};
/* End PBXNativeTarget section */

/* Begin PBXProject section */
		0217ECD82C45893400912DED /* Project object */ = {
			isa = PBXProject;
			attributes = {
				BuildIndependentTargetsInParallel = 1;
				LastSwiftUpdateCheck = 1500;
				LastUpgradeCheck = 1500;
				TargetAttributes = {
					0217ECDF2C45893400912DED = {
						CreatedOnToolsVersion = 15.0;
					};
					0217ECF02C45893600912DED = {
						CreatedOnToolsVersion = 15.0;
						TestTargetID = 0217ECDF2C45893400912DED;
					};
					0217ECFA2C45893600912DED = {
						CreatedOnToolsVersion = 15.0;
						TestTargetID = 0217ECDF2C45893400912DED;
					};
				};
			};
			buildConfigurationList = 0217ECDB2C45893400912DED /* Build configuration list for PBXProject "Fetch Coding Challenge" */;
			compatibilityVersion = "Xcode 14.0";
			developmentRegion = en;
			hasScannedForEncodings = 0;
			knownRegions = (
				en,
				Base,
			);
			mainGroup = 0217ECD72C45893400912DED;
			productRefGroup = 0217ECE12C45893400912DED /* Products */;
			projectDirPath = "";
			projectRoot = "";
			targets = (
				0217ECDF2C45893400912DED /* Fetch Coding Challenge */,
				0217ECF02C45893600912DED /* Fetch Coding ChallengeTests */,
				0217ECFA2C45893600912DED /* Fetch Coding ChallengeUITests */,
			);
		};
/* End PBXProject section */

/* Begin PBXResourcesBuildPhase section */
		0217ECDE2C45893400912DED /* Resources */ = {
			isa = PBXResourcesBuildPhase;
			buildActionMask = 2147483647;
			files = (
				0217ED172C45A59B00912DED /* README.md in Resources */,
				0217ECEC2C45893600912DED /* Preview Assets.xcassets in Resources */,
				0217ECE82C45893600912DED /* Assets.xcassets in Resources */,
			);
			runOnlyForDeploymentPostprocessing = 0;
		};
		0217ECEF2C45893600912DED /* Resources */ = {
			isa = PBXResourcesBuildPhase;
			buildActionMask = 2147483647;
			files = (
			);
			runOnlyForDeploymentPostprocessing = 0;
		};
		0217ECF92C45893600912DED /* Resources */ = {
			isa = PBXResourcesBuildPhase;
			buildActionMask = 2147483647;
			files = (
			);
			runOnlyForDeploymentPostprocessing = 0;
		};
/* End PBXResourcesBuildPhase section */

/* Begin PBXSourcesBuildPhase section */
		0217ECDC2C45893400912DED /* Sources */ = {
			isa = PBXSourcesBuildPhase;
			buildActionMask = 2147483647;
			files = (
				0217ECE62C45893400912DED /* ContentView.swift in Sources */,
				0217ED0F2C458CC800912DED /* MealStructs.swift in Sources */,
				0217ECE42C45893400912DED /* Fetch_Coding_ChallengeApp.swift in Sources */,
				0217ED152C45999D00912DED /* RecipeView.swift in Sources */,
			);
			runOnlyForDeploymentPostprocessing = 0;
		};
		0217ECED2C45893600912DED /* Sources */ = {
			isa = PBXSourcesBuildPhase;
			buildActionMask = 2147483647;
			files = (
				0217ECF62C45893600912DED /* Fetch_Coding_ChallengeTests.swift in Sources */,
			);
			runOnlyForDeploymentPostprocessing = 0;
		};
		0217ECF72C45893600912DED /* Sources */ = {
			isa = PBXSourcesBuildPhase;
			buildActionMask = 2147483647;
			files = (
				0217ED002C45893600912DED /* Fetch_Coding_ChallengeUITests.swift in Sources */,
				0217ED022C45893600912DED /* Fetch_Coding_ChallengeUITestsLaunchTests.swift in Sources */,
			);
			runOnlyForDeploymentPostprocessing = 0;
		};
/* End PBXSourcesBuildPhase section */

/* Begin PBXTargetDependency section */
		0217ECF32C45893600912DED /* PBXTargetDependency */ = {
			isa = PBXTargetDependency;
			target = 0217ECDF2C45893400912DED /* Fetch Coding Challenge */;
			targetProxy = 0217ECF22C45893600912DED /* PBXContainerItemProxy */;
		};
		0217ECFD2C45893600912DED /* PBXTargetDependency */ = {
			isa = PBXTargetDependency;
			target = 0217ECDF2C45893400912DED /* Fetch Coding Challenge */;
			targetProxy = 0217ECFC2C45893600912DED /* PBXContainerItemProxy */;
		};
/* End PBXTargetDependency section */

/* Begin XCBuildConfiguration section */
		0217ED032C45893600912DED /* Debug */ = {
			isa = XCBuildConfiguration;
			buildSettings = {
				ALWAYS_SEARCH_USER_PATHS = NO;
				ASSETCATALOG_COMPILER_GENERATE_SWIFT_ASSET_SYMBOL_EXTENSIONS = YES;
				CLANG_ANALYZER_NONNULL = YES;
				CLANG_ANALYZER_NUMBER_OBJECT_CONVERSION = YES_AGGRESSIVE;
				CLANG_CXX_LANGUAGE_STANDARD = "gnu++20";
				CLANG_ENABLE_MODULES = YES;
				CLANG_ENABLE_OBJC_ARC = YES;
				CLANG_ENABLE_OBJC_WEAK = YES;
				CLANG_WARN_BLOCK_CAPTURE_AUTORELEASING = YES;
				CLANG_WARN_BOOL_CONVERSION = YES;
				CLANG_WARN_COMMA = YES;
				CLANG_WARN_CONSTANT_CONVERSION = YES;
				CLANG_WARN_DEPRECATED_OBJC_IMPLEMENTATIONS = YES;
				CLANG_WARN_DIRECT_OBJC_ISA_USAGE = YES_ERROR;
				CLANG_WARN_DOCUMENTATION_COMMENTS = YES;
				CLANG_WARN_EMPTY_BODY = YES;
				CLANG_WARN_ENUM_CONVERSION = YES;
				CLANG_WARN_INFINITE_RECURSION = YES;
				CLANG_WARN_INT_CONVERSION = YES;
				CLANG_WARN_NON_LITERAL_NULL_CONVERSION = YES;
				CLANG_WARN_OBJC_IMPLICIT_RETAIN_SELF = YES;
				CLANG_WARN_OBJC_LITERAL_CONVERSION = YES;
				CLANG_WARN_OBJC_ROOT_CLASS = YES_ERROR;
				CLANG_WARN_QUOTED_INCLUDE_IN_FRAMEWORK_HEADER = YES;
				CLANG_WARN_RANGE_LOOP_ANALYSIS = YES;
				CLANG_WARN_STRICT_PROTOTYPES = YES;
				CLANG_WARN_SUSPICIOUS_MOVE = YES;
				CLANG_WARN_UNGUARDED_AVAILABILITY = YES_AGGRESSIVE;
				CLANG_WARN_UNREACHABLE_CODE = YES;
				CLANG_WARN__DUPLICATE_METHOD_MATCH = YES;
				COPY_PHASE_STRIP = NO;
				DEBUG_INFORMATION_FORMAT = dwarf;
				ENABLE_STRICT_OBJC_MSGSEND = YES;
				ENABLE_TESTABILITY = YES;
				ENABLE_USER_SCRIPT_SANDBOXING = YES;
				GCC_C_LANGUAGE_STANDARD = gnu17;
				GCC_DYNAMIC_NO_PIC = NO;
				GCC_NO_COMMON_BLOCKS = YES;
				GCC_OPTIMIZATION_LEVEL = 0;
				GCC_PREPROCESSOR_DEFINITIONS = (
					"DEBUG=1",
					"$(inherited)",
				);
				GCC_WARN_64_TO_32_BIT_CONVERSION = YES;
				GCC_WARN_ABOUT_RETURN_TYPE = YES_ERROR;
				GCC_WARN_UNDECLARED_SELECTOR = YES;
				GCC_WARN_UNINITIALIZED_AUTOS = YES_AGGRESSIVE;
				GCC_WARN_UNUSED_FUNCTION = YES;
				GCC_WARN_UNUSED_VARIABLE = YES;
				LOCALIZATION_PREFERS_STRING_CATALOGS = YES;
				MTL_ENABLE_DEBUG_INFO = INCLUDE_SOURCE;
				MTL_FAST_MATH = YES;
				ONLY_ACTIVE_ARCH = YES;
				SWIFT_ACTIVE_COMPILATION_CONDITIONS = "DEBUG $(inherited)";
				SWIFT_OPTIMIZATION_LEVEL = "-Onone";
			};
			name = Debug;
		};
		0217ED042C45893600912DED /* Release */ = {
			isa = XCBuildConfiguration;
			buildSettings = {
				ALWAYS_SEARCH_USER_PATHS = NO;
				ASSETCATALOG_COMPILER_GENERATE_SWIFT_ASSET_SYMBOL_EXTENSIONS = YES;
				CLANG_ANALYZER_NONNULL = YES;
				CLANG_ANALYZER_NUMBER_OBJECT_CONVERSION = YES_AGGRESSIVE;
				CLANG_CXX_LANGUAGE_STANDARD = "gnu++20";
				CLANG_ENABLE_MODULES = YES;
				CLANG_ENABLE_OBJC_ARC = YES;
				CLANG_ENABLE_OBJC_WEAK = YES;
				CLANG_WARN_BLOCK_CAPTURE_AUTORELEASING = YES;
				CLANG_WARN_BOOL_CONVERSION = YES;
				CLANG_WARN_COMMA = YES;
				CLANG_WARN_CONSTANT_CONVERSION = YES;
				CLANG_WARN_DEPRECATED_OBJC_IMPLEMENTATIONS = YES;
				CLANG_WARN_DIRECT_OBJC_ISA_USAGE = YES_ERROR;
				CLANG_WARN_DOCUMENTATION_COMMENTS = YES;
				CLANG_WARN_EMPTY_BODY = YES;
				CLANG_WARN_ENUM_CONVERSION = YES;
				CLANG_WARN_INFINITE_RECURSION = YES;
				CLANG_WARN_INT_CONVERSION = YES;
				CLANG_WARN_NON_LITERAL_NULL_CONVERSION = YES;
				CLANG_WARN_OBJC_IMPLICIT_RETAIN_SELF = YES;
				CLANG_WARN_OBJC_LITERAL_CONVERSION = YES;
				CLANG_WARN_OBJC_ROOT_CLASS = YES_ERROR;
				CLANG_WARN_QUOTED_INCLUDE_IN_FRAMEWORK_HEADER = YES;
				CLANG_WARN_RANGE_LOOP_ANALYSIS = YES;
				CLANG_WARN_STRICT_PROTOTYPES = YES;
				CLANG_WARN_SUSPICIOUS_MOVE = YES;
				CLANG_WARN_UNGUARDED_AVAILABILITY = YES_AGGRESSIVE;
				CLANG_WARN_UNREACHABLE_CODE = YES;
				CLANG_WARN__DUPLICATE_METHOD_MATCH = YES;
				COPY_PHASE_STRIP = NO;
				DEBUG_INFORMATION_FORMAT = "dwarf-with-dsym";
				ENABLE_NS_ASSERTIONS = NO;
				ENABLE_STRICT_OBJC_MSGSEND = YES;
				ENABLE_USER_SCRIPT_SANDBOXING = YES;
				GCC_C_LANGUAGE_STANDARD = gnu17;
				GCC_NO_COMMON_BLOCKS = YES;
				GCC_WARN_64_TO_32_BIT_CONVERSION = YES;
				GCC_WARN_ABOUT_RETURN_TYPE = YES_ERROR;
				GCC_WARN_UNDECLARED_SELECTOR = YES;
				GCC_WARN_UNINITIALIZED_AUTOS = YES_AGGRESSIVE;
				GCC_WARN_UNUSED_FUNCTION = YES;
				GCC_WARN_UNUSED_VARIABLE = YES;
				LOCALIZATION_PREFERS_STRING_CATALOGS = YES;
				MTL_ENABLE_DEBUG_INFO = NO;
				MTL_FAST_MATH = YES;
				SWIFT_COMPILATION_MODE = wholemodule;
			};
			name = Release;
		};
		0217ED062C45893600912DED /* Debug */ = {
			isa = XCBuildConfiguration;
			buildSettings = {
				ASSETCATALOG_COMPILER_APPICON_NAME = AppIcon;
				ASSETCATALOG_COMPILER_GLOBAL_ACCENT_COLOR_NAME = AccentColor;
				CODE_SIGN_ENTITLEMENTS = "Fetch Coding Challenge/Fetch_Coding_Challenge.entitlements";
				CODE_SIGN_STYLE = Automatic;
				CURRENT_PROJECT_VERSION = 1;
				DEVELOPMENT_ASSET_PATHS = "\"Fetch Coding Challenge/Preview Content\"";
				DEVELOPMENT_TEAM = WH5Q73VTN7;
				ENABLE_HARDENED_RUNTIME = YES;
				ENABLE_PREVIEWS = YES;
				GENERATE_INFOPLIST_FILE = YES;
				"INFOPLIST_KEY_UIApplicationSceneManifest_Generation[sdk=iphoneos*]" = YES;
				"INFOPLIST_KEY_UIApplicationSceneManifest_Generation[sdk=iphonesimulator*]" = YES;
				"INFOPLIST_KEY_UIApplicationSupportsIndirectInputEvents[sdk=iphoneos*]" = YES;
				"INFOPLIST_KEY_UIApplicationSupportsIndirectInputEvents[sdk=iphonesimulator*]" = YES;
				"INFOPLIST_KEY_UILaunchScreen_Generation[sdk=iphoneos*]" = YES;
				"INFOPLIST_KEY_UILaunchScreen_Generation[sdk=iphonesimulator*]" = YES;
				"INFOPLIST_KEY_UIStatusBarStyle[sdk=iphoneos*]" = UIStatusBarStyleDefault;
				"INFOPLIST_KEY_UIStatusBarStyle[sdk=iphonesimulator*]" = UIStatusBarStyleDefault;
				INFOPLIST_KEY_UISupportedInterfaceOrientations_iPad = "UIInterfaceOrientationPortrait UIInterfaceOrientationPortraitUpsideDown UIInterfaceOrientationLandscapeLeft UIInterfaceOrientationLandscapeRight";
				INFOPLIST_KEY_UISupportedInterfaceOrientations_iPhone = "UIInterfaceOrientationPortrait UIInterfaceOrientationLandscapeLeft UIInterfaceOrientationLandscapeRight";
				IPHONEOS_DEPLOYMENT_TARGET = 17.0;
				LD_RUNPATH_SEARCH_PATHS = "@executable_path/Frameworks";
				"LD_RUNPATH_SEARCH_PATHS[sdk=macosx*]" = "@executable_path/../Frameworks";
				MACOSX_DEPLOYMENT_TARGET = 14.0;
				MARKETING_VERSION = 1.0;
				PRODUCT_BUNDLE_IDENTIFIER = "rjpotter.Fetch-Coding-Challenge";
				PRODUCT_NAME = "$(TARGET_NAME)";
				SDKROOT = auto;
				SUPPORTED_PLATFORMS = "iphoneos iphonesimulator macosx";
				SWIFT_EMIT_LOC_STRINGS = YES;
				SWIFT_STRICT_CONCURRENCY = complete;
				SWIFT_VERSION = 5.0;
				TARGETED_DEVICE_FAMILY = "1,2";
			};
			name = Debug;
		};
		0217ED072C45893600912DED /* Release */ = {
			isa = XCBuildConfiguration;
			buildSettings = {
				ASSETCATALOG_COMPILER_APPICON_NAME = AppIcon;
				ASSETCATALOG_COMPILER_GLOBAL_ACCENT_COLOR_NAME = AccentColor;
				CODE_SIGN_ENTITLEMENTS = "Fetch Coding Challenge/Fetch_Coding_Challenge.entitlements";
				CODE_SIGN_STYLE = Automatic;
				CURRENT_PROJECT_VERSION = 1;
				DEVELOPMENT_ASSET_PATHS = "\"Fetch Coding Challenge/Preview Content\"";
				DEVELOPMENT_TEAM = WH5Q73VTN7;
				ENABLE_HARDENED_RUNTIME = YES;
				ENABLE_PREVIEWS = YES;
				GENERATE_INFOPLIST_FILE = YES;
				"INFOPLIST_KEY_UIApplicationSceneManifest_Generation[sdk=iphoneos*]" = YES;
				"INFOPLIST_KEY_UIApplicationSceneManifest_Generation[sdk=iphonesimulator*]" = YES;
				"INFOPLIST_KEY_UIApplicationSupportsIndirectInputEvents[sdk=iphoneos*]" = YES;
				"INFOPLIST_KEY_UIApplicationSupportsIndirectInputEvents[sdk=iphonesimulator*]" = YES;
				"INFOPLIST_KEY_UILaunchScreen_Generation[sdk=iphoneos*]" = YES;
				"INFOPLIST_KEY_UILaunchScreen_Generation[sdk=iphonesimulator*]" = YES;
				"INFOPLIST_KEY_UIStatusBarStyle[sdk=iphoneos*]" = UIStatusBarStyleDefault;
				"INFOPLIST_KEY_UIStatusBarStyle[sdk=iphonesimulator*]" = UIStatusBarStyleDefault;
				INFOPLIST_KEY_UISupportedInterfaceOrientations_iPad = "UIInterfaceOrientationPortrait UIInterfaceOrientationPortraitUpsideDown UIInterfaceOrientationLandscapeLeft UIInterfaceOrientationLandscapeRight";
				INFOPLIST_KEY_UISupportedInterfaceOrientations_iPhone = "UIInterfaceOrientationPortrait UIInterfaceOrientationLandscapeLeft UIInterfaceOrientationLandscapeRight";
				IPHONEOS_DEPLOYMENT_TARGET = 17.0;
				LD_RUNPATH_SEARCH_PATHS = "@executable_path/Frameworks";
				"LD_RUNPATH_SEARCH_PATHS[sdk=macosx*]" = "@executable_path/../Frameworks";
				MACOSX_DEPLOYMENT_TARGET = 14.0;
				MARKETING_VERSION = 1.0;
				PRODUCT_BUNDLE_IDENTIFIER = "rjpotter.Fetch-Coding-Challenge";
				PRODUCT_NAME = "$(TARGET_NAME)";
				SDKROOT = auto;
				SUPPORTED_PLATFORMS = "iphoneos iphonesimulator macosx";
				SWIFT_EMIT_LOC_STRINGS = YES;
				SWIFT_STRICT_CONCURRENCY = complete;
				SWIFT_VERSION = 5.0;
				TARGETED_DEVICE_FAMILY = "1,2";
			};
			name = Release;
		};
		0217ED092C45893600912DED /* Debug */ = {
			isa = XCBuildConfiguration;
			buildSettings = {
				ALWAYS_EMBED_SWIFT_STANDARD_LIBRARIES = YES;
				BUNDLE_LOADER = "$(TEST_HOST)";
				CODE_SIGN_STYLE = Automatic;
				CURRENT_PROJECT_VERSION = 1;
				DEVELOPMENT_TEAM = WH5Q73VTN7;
				GENERATE_INFOPLIST_FILE = YES;
				IPHONEOS_DEPLOYMENT_TARGET = 17.0;
				MACOSX_DEPLOYMENT_TARGET = 14.0;
				MARKETING_VERSION = 1.0;
				PRODUCT_BUNDLE_IDENTIFIER = "rjpotter.Fetch-Coding-ChallengeTests";
				PRODUCT_NAME = "$(TARGET_NAME)";
				SDKROOT = auto;
				SUPPORTED_PLATFORMS = "iphoneos iphonesimulator macosx";
				SWIFT_EMIT_LOC_STRINGS = NO;
				SWIFT_VERSION = 5.0;
				TARGETED_DEVICE_FAMILY = "1,2";
				TEST_HOST = "$(BUILT_PRODUCTS_DIR)/Fetch Coding Challenge.app/$(BUNDLE_EXECUTABLE_FOLDER_PATH)/Fetch Coding Challenge";
			};
			name = Debug;
		};
		0217ED0A2C45893600912DED /* Release */ = {
			isa = XCBuildConfiguration;
			buildSettings = {
				ALWAYS_EMBED_SWIFT_STANDARD_LIBRARIES = YES;
				BUNDLE_LOADER = "$(TEST_HOST)";
				CODE_SIGN_STYLE = Automatic;
				CURRENT_PROJECT_VERSION = 1;
				DEVELOPMENT_TEAM = WH5Q73VTN7;
				GENERATE_INFOPLIST_FILE = YES;
				IPHONEOS_DEPLOYMENT_TARGET = 17.0;
				MACOSX_DEPLOYMENT_TARGET = 14.0;
				MARKETING_VERSION = 1.0;
				PRODUCT_BUNDLE_IDENTIFIER = "rjpotter.Fetch-Coding-ChallengeTests";
				PRODUCT_NAME = "$(TARGET_NAME)";
				SDKROOT = auto;
				SUPPORTED_PLATFORMS = "iphoneos iphonesimulator macosx";
				SWIFT_EMIT_LOC_STRINGS = NO;
				SWIFT_VERSION = 5.0;
				TARGETED_DEVICE_FAMILY = "1,2";
				TEST_HOST = "$(BUILT_PRODUCTS_DIR)/Fetch Coding Challenge.app/$(BUNDLE_EXECUTABLE_FOLDER_PATH)/Fetch Coding Challenge";
			};
			name = Release;
		};
		0217ED0C2C45893600912DED /* Debug */ = {
			isa = XCBuildConfiguration;
			buildSettings = {
				ALWAYS_EMBED_SWIFT_STANDARD_LIBRARIES = YES;
				CODE_SIGN_STYLE = Automatic;
				CURRENT_PROJECT_VERSION = 1;
				DEVELOPMENT_TEAM = WH5Q73VTN7;
				GENERATE_INFOPLIST_FILE = YES;
				IPHONEOS_DEPLOYMENT_TARGET = 17.0;
				MACOSX_DEPLOYMENT_TARGET = 14.0;
				MARKETING_VERSION = 1.0;
				PRODUCT_BUNDLE_IDENTIFIER = "rjpotter.Fetch-Coding-ChallengeUITests";
				PRODUCT_NAME = "$(TARGET_NAME)";
				SDKROOT = auto;
				SUPPORTED_PLATFORMS = "iphoneos iphonesimulator macosx";
				SWIFT_EMIT_LOC_STRINGS = NO;
				SWIFT_VERSION = 5.0;
				TARGETED_DEVICE_FAMILY = "1,2";
				TEST_TARGET_NAME = "Fetch Coding Challenge";
			};
			name = Debug;
		};
		0217ED0D2C45893600912DED /* Release */ = {
			isa = XCBuildConfiguration;
			buildSettings = {
				ALWAYS_EMBED_SWIFT_STANDARD_LIBRARIES = YES;
				CODE_SIGN_STYLE = Automatic;
				CURRENT_PROJECT_VERSION = 1;
				DEVELOPMENT_TEAM = WH5Q73VTN7;
				GENERATE_INFOPLIST_FILE = YES;
				IPHONEOS_DEPLOYMENT_TARGET = 17.0;
				MACOSX_DEPLOYMENT_TARGET = 14.0;
				MARKETING_VERSION = 1.0;
				PRODUCT_BUNDLE_IDENTIFIER = "rjpotter.Fetch-Coding-ChallengeUITests";
				PRODUCT_NAME = "$(TARGET_NAME)";
				SDKROOT = auto;
				SUPPORTED_PLATFORMS = "iphoneos iphonesimulator macosx";
				SWIFT_EMIT_LOC_STRINGS = NO;
				SWIFT_VERSION = 5.0;
				TARGETED_DEVICE_FAMILY = "1,2";
				TEST_TARGET_NAME = "Fetch Coding Challenge";
			};
			name = Release;
		};
/* End XCBuildConfiguration section */

/* Begin XCConfigurationList section */
		0217ECDB2C45893400912DED /* Build configuration list for PBXProject "Fetch Coding Challenge" */ = {
			isa = XCConfigurationList;
			buildConfigurations = (
				0217ED032C45893600912DED /* Debug */,
				0217ED042C45893600912DED /* Release */,
			);
			defaultConfigurationIsVisible = 0;
			defaultConfigurationName = Release;
		};
		0217ED052C45893600912DED /* Build configuration list for PBXNativeTarget "Fetch Coding Challenge" */ = {
			isa = XCConfigurationList;
			buildConfigurations = (
				0217ED062C45893600912DED /* Debug */,
				0217ED072C45893600912DED /* Release */,
			);
			defaultConfigurationIsVisible = 0;
			defaultConfigurationName = Release;
		};
		0217ED082C45893600912DED /* Build configuration list for PBXNativeTarget "Fetch Coding ChallengeTests" */ = {
			isa = XCConfigurationList;
			buildConfigurations = (
				0217ED092C45893600912DED /* Debug */,
				0217ED0A2C45893600912DED /* Release */,
			);
			defaultConfigurationIsVisible = 0;
			defaultConfigurationName = Release;
		};
		0217ED0B2C45893600912DED /* Build configuration list for PBXNativeTarget "Fetch Coding ChallengeUITests" */ = {
			isa = XCConfigurationList;
			buildConfigurations = (
				0217ED0C2C45893600912DED /* Debug */,
				0217ED0D2C45893600912DED /* Release */,
			);
			defaultConfigurationIsVisible = 0;
			defaultConfigurationName = Release;
		};
/* End XCConfigurationList section */
	};
	rootObject = 0217ECD82C45893400912DED /* Project object */;
}
